
Microsoft Visual Studio Solution File, Format Version 12.00
# Visual Studio Version 17
VisualStudioVersion = 17.4.33213.308
MinimumVisualStudioVersion = 10.0.40219.1
Project("{FAE04EC0-301F-11D3-BF4B-00C04F79EFBC}") = "wf_intro", "wf_intro\wf_intro.csproj", "{35EB918C-7F1C-4624-95EF-AA7FF846C946}"
EndProject
Global
	GlobalSection(SolutionConfigurationPlatforms) = preSolution
		Debug|Any CPU = Debug|Any CPU
		Release|Any CPU = Release|Any CPU
	EndGlobalSection
	GlobalSection(ProjectConfigurationPlatforms) = postSolution
		{35EB918C-7F1C-4624-95EF-AA7FF846C946}.Debug|Any CPU.ActiveCfg = Debug|Any CPU
		{35EB918C-7F1C-4624-95EF-AA7FF846C946}.Debug|Any CPU.Build.0 = Debug|Any CPU
		{35EB918C-7F1C-4624-95EF-AA7FF846C946}.Release|Any CPU.ActiveCfg = Release|Any CPU
		{35EB918C-7F1C-4624-95EF-AA7FF846C946}.Release|Any CPU.Build.0 = Release|Any CPU
	EndGlobalSection
	GlobalSection(SolutionProperties) = preSolution
		HideSolutionNode = FALSE
	EndGlobalSection
	GlobalSection(ExtensibilityGlobals) = postSolution
		SolutionGuid = {E8C90CE0-810C-4B19-AA1A-07D6A0339DBC}
	EndGlobalSection
EndGlobal
